
Microsoft Visual Studio Solution File, Format Version 12.00
# Visual Studio Version 16
VisualStudioVersion = 16.0.29728.190
MinimumVisualStudioVersion = 10.0.40219.1
Project("{9A19103F-16F7-4668-BE54-9A1E7A4F7556}") = "FW_MVC_API", "FW_MVC_API.csproj", "{B732F884-161B-44F4-AD46-6B05C5EED69E}"
EndProject
Project("{FAE04EC0-301F-11D3-BF4B-00C04F79EFBC}") = "Domain", "..\Domain\Domain.csproj", "{1DEFDBFD-4C60-4D3C-9E04-71E57790936A}"
EndProject
Global
	GlobalSection(SolutionConfigurationPlatforms) = preSolution
		Debug|Any CPU = Debug|Any CPU
		Release|Any CPU = Release|Any CPU
	EndGlobalSection
	GlobalSection(ProjectConfigurationPlatforms) = postSolution
		{B732F884-161B-44F4-AD46-6B05C5EED69E}.Debug|Any CPU.ActiveCfg = Debug|Any CPU
		{B732F884-161B-44F4-AD46-6B05C5EED69E}.Debug|Any CPU.Build.0 = Debug|Any CPU
		{B732F884-161B-44F4-AD46-6B05C5EED69E}.Release|Any CPU.ActiveCfg = Release|Any CPU
		{B732F884-161B-44F4-AD46-6B05C5EED69E}.Release|Any CPU.Build.0 = Release|Any CPU
		{1DEFDBFD-4C60-4D3C-9E04-71E57790936A}.Debug|Any CPU.ActiveCfg = Debug|Any CPU
		{1DEFDBFD-4C60-4D3C-9E04-71E57790936A}.Debug|Any CPU.Build.0 = Debug|Any CPU
		{1DEFDBFD-4C60-4D3C-9E04-71E57790936A}.Release|Any CPU.ActiveCfg = Release|Any CPU
		{1DEFDBFD-4C60-4D3C-9E04-71E57790936A}.Release|Any CPU.Build.0 = Release|Any CPU
	EndGlobalSection
	GlobalSection(SolutionProperties) = preSolution
		HideSolutionNode = FALSE
	EndGlobalSection
	GlobalSection(ExtensibilityGlobals) = postSolution
		SolutionGuid = {3A91B03D-866C-47FA-A054-BC8B39FEE521}
	EndGlobalSection
EndGlobal
